// !$*UTF8*$!
{
	archiveVersion = 1;
	classes = {
	};
	objectVersion = 56;
	objects = {

/* Begin PBXBuildFile section */
		576B854D2AFFB49A00AC48E3 /* MainVC.swift in Sources */ = {isa = PBXBuildFile; fileRef = 576B854C2AFFB49A00AC48E3 /* MainVC.swift */; };
		576B854F2AFFB4C000AC48E3 /* FaceSelectVC.swift in Sources */ = {isa = PBXBuildFile; fileRef = 576B854E2AFFB4C000AC48E3 /* FaceSelectVC.swift */; };
		576B85522AFFB51800AC48E3 /* FaceRecognizerService.swift in Sources */ = {isa = PBXBuildFile; fileRef = 576B85512AFFB51800AC48E3 /* FaceRecognizerService.swift */; };
		60788FA62AFFA1400068493C /* AppDelegate.swift in Sources */ = {isa = PBXBuildFile; fileRef = 60788FA52AFFA1400068493C /* AppDelegate.swift */; };
		60788FA82AFFA1400068493C /* SceneDelegate.swift in Sources */ = {isa = PBXBuildFile; fileRef = 60788FA72AFFA1400068493C /* SceneDelegate.swift */; };
		60788FAA2AFFA1400068493C /* ViewController.swift in Sources */ = {isa = PBXBuildFile; fileRef = 60788FA92AFFA1400068493C /* ViewController.swift */; };
		60788FAF2AFFA1400068493C /* Assets.xcassets in Resources */ = {isa = PBXBuildFile; fileRef = 60788FAE2AFFA1400068493C /* Assets.xcassets */; };
		60788FB22AFFA1400068493C /* LaunchScreen.storyboard in Resources */ = {isa = PBXBuildFile; fileRef = 60788FB02AFFA1400068493C /* LaunchScreen.storyboard */; };
		60788FBB2AFFA5BC0068493C /* RxCocoa in Frameworks */ = {isa = PBXBuildFile; productRef = 60788FBA2AFFA5BC0068493C /* RxCocoa */; };
		60788FBD2AFFA5BC0068493C /* RxSwift in Frameworks */ = {isa = PBXBuildFile; productRef = 60788FBC2AFFA5BC0068493C /* RxSwift */; };
		60788FC02AFFA5C80068493C /* SnapKit in Frameworks */ = {isa = PBXBuildFile; productRef = 60788FBF2AFFA5C80068493C /* SnapKit */; };
		60788FC32AFFA5DC0068493C /* Then in Frameworks */ = {isa = PBXBuildFile; productRef = 60788FC22AFFA5DC0068493C /* Then */; };
		60788FC62AFFA69E0068493C /* OpenAI.swift in Sources */ = {isa = PBXBuildFile; fileRef = 60788FC52AFFA69E0068493C /* OpenAI.swift */; };
		C1DC0C0C2AFFF9ED00A1B10C /* ClovaResponse.swift in Sources */ = {isa = PBXBuildFile; fileRef = C1DC0C0B2AFFF9ED00A1B10C /* ClovaResponse.swift */; };
/* End PBXBuildFile section */

/* Begin PBXFileReference section */
		576B854C2AFFB49A00AC48E3 /* MainVC.swift */ = {isa = PBXFileReference; lastKnownFileType = sourcecode.swift; path = MainVC.swift; sourceTree = "<group>"; };
		576B854E2AFFB4C000AC48E3 /* FaceSelectVC.swift */ = {isa = PBXFileReference; lastKnownFileType = sourcecode.swift; path = FaceSelectVC.swift; sourceTree = "<group>"; };
		576B85512AFFB51800AC48E3 /* FaceRecognizerService.swift */ = {isa = PBXFileReference; lastKnownFileType = sourcecode.swift; path = FaceRecognizerService.swift; sourceTree = "<group>"; };
		60788FA22AFFA1400068493C /* FaceReader.app */ = {isa = PBXFileReference; explicitFileType = wrapper.application; includeInIndex = 0; path = FaceReader.app; sourceTree = BUILT_PRODUCTS_DIR; };
		60788FA52AFFA1400068493C /* AppDelegate.swift */ = {isa = PBXFileReference; lastKnownFileType = sourcecode.swift; path = AppDelegate.swift; sourceTree = "<group>"; };
		60788FA72AFFA1400068493C /* SceneDelegate.swift */ = {isa = PBXFileReference; lastKnownFileType = sourcecode.swift; path = SceneDelegate.swift; sourceTree = "<group>"; };
		60788FA92AFFA1400068493C /* ViewController.swift */ = {isa = PBXFileReference; lastKnownFileType = sourcecode.swift; path = ViewController.swift; sourceTree = "<group>"; };
		60788FAE2AFFA1400068493C /* Assets.xcassets */ = {isa = PBXFileReference; lastKnownFileType = folder.assetcatalog; path = Assets.xcassets; sourceTree = "<group>"; };
		60788FB12AFFA1400068493C /* Base */ = {isa = PBXFileReference; lastKnownFileType = file.storyboard; name = Base; path = Base.lproj/LaunchScreen.storyboard; sourceTree = "<group>"; };
		60788FB32AFFA1400068493C /* Info.plist */ = {isa = PBXFileReference; lastKnownFileType = text.plist.xml; path = Info.plist; sourceTree = "<group>"; };
		60788FC52AFFA69E0068493C /* OpenAI.swift */ = {isa = PBXFileReference; lastKnownFileType = sourcecode.swift; path = OpenAI.swift; sourceTree = "<group>"; };
		C1DC0C0B2AFFF9ED00A1B10C /* ClovaResponse.swift */ = {isa = PBXFileReference; lastKnownFileType = sourcecode.swift; path = ClovaResponse.swift; sourceTree = "<group>"; };
/* End PBXFileReference section */

/* Begin PBXFrameworksBuildPhase section */
		60788F9F2AFFA1400068493C /* Frameworks */ = {
			isa = PBXFrameworksBuildPhase;
			buildActionMask = 2147483647;
			files = (
				60788FC02AFFA5C80068493C /* SnapKit in Frameworks */,
				60788FBD2AFFA5BC0068493C /* RxSwift in Frameworks */,
				60788FBB2AFFA5BC0068493C /* RxCocoa in Frameworks */,
				60788FC32AFFA5DC0068493C /* Then in Frameworks */,
			);
			runOnlyForDeploymentPostprocessing = 0;
		};
/* End PBXFrameworksBuildPhase section */

/* Begin PBXGroup section */
		576B85492AFFB46200AC48E3 /* Presenter */ = {
			isa = PBXGroup;
			children = (
				576B854A2AFFB46E00AC48E3 /* View */,
			);
			path = Presenter;
			sourceTree = "<group>";
		};
		576B854A2AFFB46E00AC48E3 /* View */ = {
			isa = PBXGroup;
			children = (
				576B854C2AFFB49A00AC48E3 /* MainVC.swift */,
				576B854E2AFFB4C000AC48E3 /* FaceSelectVC.swift */,
			);
			path = View;
			sourceTree = "<group>";
		};
		576B85502AFFB4FB00AC48E3 /* Service */ = {
			isa = PBXGroup;
			children = (
				576B85512AFFB51800AC48E3 /* FaceRecognizerService.swift */,
			);
			path = Service;
			sourceTree = "<group>";
		};
		60788F992AFFA1400068493C = {
			isa = PBXGroup;
			children = (
				60788FA42AFFA1400068493C /* FaceReader */,
				60788FA32AFFA1400068493C /* Products */,
			);
			sourceTree = "<group>";
		};
		60788FA32AFFA1400068493C /* Products */ = {
			isa = PBXGroup;
			children = (
				60788FA22AFFA1400068493C /* FaceReader.app */,
			);
			name = Products;
			sourceTree = "<group>";
		};
		60788FA42AFFA1400068493C /* FaceReader */ = {
			isa = PBXGroup;
			children = (
				60788FA52AFFA1400068493C /* AppDelegate.swift */,
				60788FA72AFFA1400068493C /* SceneDelegate.swift */,
				60788FA92AFFA1400068493C /* ViewController.swift */,
				576B85502AFFB4FB00AC48E3 /* Service */,
				576B85492AFFB46200AC48E3 /* Presenter */,
				60788FC42AFFA68B0068493C /* Model */,
				60788FAE2AFFA1400068493C /* Assets.xcassets */,
				60788FB02AFFA1400068493C /* LaunchScreen.storyboard */,
				60788FB32AFFA1400068493C /* Info.plist */,
			);
			path = FaceReader;
			sourceTree = "<group>";
		};
		60788FC42AFFA68B0068493C /* Model */ = {
			isa = PBXGroup;
			children = (
				60788FC52AFFA69E0068493C /* OpenAI.swift */,
				C1DC0C0B2AFFF9ED00A1B10C /* ClovaResponse.swift */,
			);
			path = Model;
			sourceTree = "<group>";
		};
/* End PBXGroup section */

/* Begin PBXNativeTarget section */
		60788FA12AFFA1400068493C /* FaceReader */ = {
			isa = PBXNativeTarget;
			buildConfigurationList = 60788FB62AFFA1400068493C /* Build configuration list for PBXNativeTarget "FaceReader" */;
			buildPhases = (
				60788F9E2AFFA1400068493C /* Sources */,
				60788F9F2AFFA1400068493C /* Frameworks */,
				60788FA02AFFA1400068493C /* Resources */,
			);
			buildRules = (
			);
			dependencies = (
			);
			name = FaceReader;
			packageProductDependencies = (
				60788FBA2AFFA5BC0068493C /* RxCocoa */,
				60788FBC2AFFA5BC0068493C /* RxSwift */,
				60788FBF2AFFA5C80068493C /* SnapKit */,
				60788FC22AFFA5DC0068493C /* Then */,
			);
			productName = FaceReader;
			productReference = 60788FA22AFFA1400068493C /* FaceReader.app */;
			productType = "com.apple.product-type.application";
		};
/* End PBXNativeTarget section */

/* Begin PBXProject section */
		60788F9A2AFFA1400068493C /* Project object */ = {
			isa = PBXProject;
			attributes = {
				BuildIndependentTargetsInParallel = 1;
				LastSwiftUpdateCheck = 1430;
				LastUpgradeCheck = 1430;
				TargetAttributes = {
					60788FA12AFFA1400068493C = {
						CreatedOnToolsVersion = 14.3.1;
					};
				};
			};
			buildConfigurationList = 60788F9D2AFFA1400068493C /* Build configuration list for PBXProject "FaceReader" */;
			compatibilityVersion = "Xcode 14.0";
			developmentRegion = en;
			hasScannedForEncodings = 0;
			knownRegions = (
				en,
				Base,
			);
			mainGroup = 60788F992AFFA1400068493C;
			packageReferences = (
				60788FB92AFFA5BC0068493C /* XCRemoteSwiftPackageReference "RxSwift" */,
				60788FBE2AFFA5C80068493C /* XCRemoteSwiftPackageReference "SnapKit" */,
				60788FC12AFFA5DC0068493C /* XCRemoteSwiftPackageReference "Then" */,
			);
			productRefGroup = 60788FA32AFFA1400068493C /* Products */;
			projectDirPath = "";
			projectRoot = "";
			targets = (
				60788FA12AFFA1400068493C /* FaceReader */,
			);
		};
/* End PBXProject section */

/* Begin PBXResourcesBuildPhase section */
		60788FA02AFFA1400068493C /* Resources */ = {
			isa = PBXResourcesBuildPhase;
			buildActionMask = 2147483647;
			files = (
				60788FB22AFFA1400068493C /* LaunchScreen.storyboard in Resources */,
				60788FAF2AFFA1400068493C /* Assets.xcassets in Resources */,
			);
			runOnlyForDeploymentPostprocessing = 0;
		};
/* End PBXResourcesBuildPhase section */

/* Begin PBXSourcesBuildPhase section */
		60788F9E2AFFA1400068493C /* Sources */ = {
			isa = PBXSourcesBuildPhase;
			buildActionMask = 2147483647;
			files = (
				60788FAA2AFFA1400068493C /* ViewController.swift in Sources */,
				576B854F2AFFB4C000AC48E3 /* FaceSelectVC.swift in Sources */,
				C1DC0C0C2AFFF9ED00A1B10C /* ClovaResponse.swift in Sources */,
				576B854D2AFFB49A00AC48E3 /* MainVC.swift in Sources */,
				60788FA62AFFA1400068493C /* AppDelegate.swift in Sources */,
				60788FA82AFFA1400068493C /* SceneDelegate.swift in Sources */,
				576B85522AFFB51800AC48E3 /* FaceRecognizerService.swift in Sources */,
				60788FC62AFFA69E0068493C /* OpenAI.swift in Sources */,
			);
			runOnlyForDeploymentPostprocessing = 0;
		};
/* End PBXSourcesBuildPhase section */

/* Begin PBXVariantGroup section */
		60788FB02AFFA1400068493C /* LaunchScreen.storyboard */ = {
			isa = PBXVariantGroup;
			children = (
				60788FB12AFFA1400068493C /* Base */,
			);
			name = LaunchScreen.storyboard;
			sourceTree = "<group>";
		};
/* End PBXVariantGroup section */

/* Begin XCBuildConfiguration section */
		60788FB42AFFA1400068493C /* Debug */ = {
			isa = XCBuildConfiguration;
			buildSettings = {
				ALWAYS_SEARCH_USER_PATHS = NO;
				CLANG_ANALYZER_NONNULL = YES;
				CLANG_ANALYZER_NUMBER_OBJECT_CONVERSION = YES_AGGRESSIVE;
				CLANG_CXX_LANGUAGE_STANDARD = "gnu++20";
				CLANG_ENABLE_MODULES = YES;
				CLANG_ENABLE_OBJC_ARC = YES;
				CLANG_ENABLE_OBJC_WEAK = YES;
				CLANG_WARN_BLOCK_CAPTURE_AUTORELEASING = YES;
				CLANG_WARN_BOOL_CONVERSION = YES;
				CLANG_WARN_COMMA = YES;
				CLANG_WARN_CONSTANT_CONVERSION = YES;
				CLANG_WARN_DEPRECATED_OBJC_IMPLEMENTATIONS = YES;
				CLANG_WARN_DIRECT_OBJC_ISA_USAGE = YES_ERROR;
				CLANG_WARN_DOCUMENTATION_COMMENTS = YES;
				CLANG_WARN_EMPTY_BODY = YES;
				CLANG_WARN_ENUM_CONVERSION = YES;
				CLANG_WARN_INFINITE_RECURSION = YES;
				CLANG_WARN_INT_CONVERSION = YES;
				CLANG_WARN_NON_LITERAL_NULL_CONVERSION = YES;
				CLANG_WARN_OBJC_IMPLICIT_RETAIN_SELF = YES;
				CLANG_WARN_OBJC_LITERAL_CONVERSION = YES;
				CLANG_WARN_OBJC_ROOT_CLASS = YES_ERROR;
				CLANG_WARN_QUOTED_INCLUDE_IN_FRAMEWORK_HEADER = YES;
				CLANG_WARN_RANGE_LOOP_ANALYSIS = YES;
				CLANG_WARN_STRICT_PROTOTYPES = YES;
				CLANG_WARN_SUSPICIOUS_MOVE = YES;
				CLANG_WARN_UNGUARDED_AVAILABILITY = YES_AGGRESSIVE;
				CLANG_WARN_UNREACHABLE_CODE = YES;
				CLANG_WARN__DUPLICATE_METHOD_MATCH = YES;
				COPY_PHASE_STRIP = NO;
				DEBUG_INFORMATION_FORMAT = dwarf;
				ENABLE_STRICT_OBJC_MSGSEND = YES;
				ENABLE_TESTABILITY = YES;
				GCC_C_LANGUAGE_STANDARD = gnu11;
				GCC_DYNAMIC_NO_PIC = NO;
				GCC_NO_COMMON_BLOCKS = YES;
				GCC_OPTIMIZATION_LEVEL = 0;
				GCC_PREPROCESSOR_DEFINITIONS = (
					"DEBUG=1",
					"$(inherited)",
				);
				GCC_WARN_64_TO_32_BIT_CONVERSION = YES;
				GCC_WARN_ABOUT_RETURN_TYPE = YES_ERROR;
				GCC_WARN_UNDECLARED_SELECTOR = YES;
				GCC_WARN_UNINITIALIZED_AUTOS = YES_AGGRESSIVE;
				GCC_WARN_UNUSED_FUNCTION = YES;
				GCC_WARN_UNUSED_VARIABLE = YES;
				IPHONEOS_DEPLOYMENT_TARGET = 16.4;
				MTL_ENABLE_DEBUG_INFO = INCLUDE_SOURCE;
				MTL_FAST_MATH = YES;
				ONLY_ACTIVE_ARCH = YES;
				SDKROOT = iphoneos;
				SWIFT_ACTIVE_COMPILATION_CONDITIONS = DEBUG;
				SWIFT_OPTIMIZATION_LEVEL = "-Onone";
			};
			name = Debug;
		};
		60788FB52AFFA1400068493C /* Release */ = {
			isa = XCBuildConfiguration;
			buildSettings = {
				ALWAYS_SEARCH_USER_PATHS = NO;
				CLANG_ANALYZER_NONNULL = YES;
				CLANG_ANALYZER_NUMBER_OBJECT_CONVERSION = YES_AGGRESSIVE;
				CLANG_CXX_LANGUAGE_STANDARD = "gnu++20";
				CLANG_ENABLE_MODULES = YES;
				CLANG_ENABLE_OBJC_ARC = YES;
				CLANG_ENABLE_OBJC_WEAK = YES;
				CLANG_WARN_BLOCK_CAPTURE_AUTORELEASING = YES;
				CLANG_WARN_BOOL_CONVERSION = YES;
				CLANG_WARN_COMMA = YES;
				CLANG_WARN_CONSTANT_CONVERSION = YES;
				CLANG_WARN_DEPRECATED_OBJC_IMPLEMENTATIONS = YES;
				CLANG_WARN_DIRECT_OBJC_ISA_USAGE = YES_ERROR;
				CLANG_WARN_DOCUMENTATION_COMMENTS = YES;
				CLANG_WARN_EMPTY_BODY = YES;
				CLANG_WARN_ENUM_CONVERSION = YES;
				CLANG_WARN_INFINITE_RECURSION = YES;
				CLANG_WARN_INT_CONVERSION = YES;
				CLANG_WARN_NON_LITERAL_NULL_CONVERSION = YES;
				CLANG_WARN_OBJC_IMPLICIT_RETAIN_SELF = YES;
				CLANG_WARN_OBJC_LITERAL_CONVERSION = YES;
				CLANG_WARN_OBJC_ROOT_CLASS = YES_ERROR;
				CLANG_WARN_QUOTED_INCLUDE_IN_FRAMEWORK_HEADER = YES;
				CLANG_WARN_RANGE_LOOP_ANALYSIS = YES;
				CLANG_WARN_STRICT_PROTOTYPES = YES;
				CLANG_WARN_SUSPICIOUS_MOVE = YES;
				CLANG_WARN_UNGUARDED_AVAILABILITY = YES_AGGRESSIVE;
				CLANG_WARN_UNREACHABLE_CODE = YES;
				CLANG_WARN__DUPLICATE_METHOD_MATCH = YES;
				COPY_PHASE_STRIP = NO;
				DEBUG_INFORMATION_FORMAT = "dwarf-with-dsym";
				ENABLE_NS_ASSERTIONS = NO;
				ENABLE_STRICT_OBJC_MSGSEND = YES;
				GCC_C_LANGUAGE_STANDARD = gnu11;
				GCC_NO_COMMON_BLOCKS = YES;
				GCC_WARN_64_TO_32_BIT_CONVERSION = YES;
				GCC_WARN_ABOUT_RETURN_TYPE = YES_ERROR;
				GCC_WARN_UNDECLARED_SELECTOR = YES;
				GCC_WARN_UNINITIALIZED_AUTOS = YES_AGGRESSIVE;
				GCC_WARN_UNUSED_FUNCTION = YES;
				GCC_WARN_UNUSED_VARIABLE = YES;
				IPHONEOS_DEPLOYMENT_TARGET = 16.4;
				MTL_ENABLE_DEBUG_INFO = NO;
				MTL_FAST_MATH = YES;
				SDKROOT = iphoneos;
				SWIFT_COMPILATION_MODE = wholemodule;
				SWIFT_OPTIMIZATION_LEVEL = "-O";
				VALIDATE_PRODUCT = YES;
			};
			name = Release;
		};
		60788FB72AFFA1400068493C /* Debug */ = {
			isa = XCBuildConfiguration;
			buildSettings = {
				ASSETCATALOG_COMPILER_APPICON_NAME = AppIcon;
				ASSETCATALOG_COMPILER_GLOBAL_ACCENT_COLOR_NAME = AccentColor;
				CODE_SIGN_STYLE = Automatic;
				CURRENT_PROJECT_VERSION = 1;
				DEVELOPMENT_TEAM = "";
				GENERATE_INFOPLIST_FILE = YES;
				INFOPLIST_FILE = FaceReader/Info.plist;
				INFOPLIST_KEY_UIApplicationSupportsIndirectInputEvents = YES;
				INFOPLIST_KEY_UILaunchStoryboardName = LaunchScreen;
				INFOPLIST_KEY_UISupportedInterfaceOrientations = "UIInterfaceOrientationLandscapeLeft UIInterfaceOrientationLandscapeRight UIInterfaceOrientationPortrait";
				IPHONEOS_DEPLOYMENT_TARGET = 16.4;
				LD_RUNPATH_SEARCH_PATHS = (
					"$(inherited)",
					"@executable_path/Frameworks",
				);
				MARKETING_VERSION = 1.0;
				PRODUCT_BUNDLE_IDENTIFIER = com.seuhong.FaceReader;
				PRODUCT_NAME = "$(TARGET_NAME)";
				SWIFT_EMIT_LOC_STRINGS = YES;
				SWIFT_VERSION = 5.0;
				TARGETED_DEVICE_FAMILY = 1;
			};
			name = Debug;
		};
		60788FB82AFFA1400068493C /* Release */ = {
			isa = XCBuildConfiguration;
			buildSettings = {
				ASSETCATALOG_COMPILER_APPICON_NAME = AppIcon;
				ASSETCATALOG_COMPILER_GLOBAL_ACCENT_COLOR_NAME = AccentColor;
				CODE_SIGN_STYLE = Automatic;
				CURRENT_PROJECT_VERSION = 1;
				DEVELOPMENT_TEAM = "";
				GENERATE_INFOPLIST_FILE = YES;
				INFOPLIST_FILE = FaceReader/Info.plist;
				INFOPLIST_KEY_UIApplicationSupportsIndirectInputEvents = YES;
				INFOPLIST_KEY_UILaunchStoryboardName = LaunchScreen;
				INFOPLIST_KEY_UISupportedInterfaceOrientations = "UIInterfaceOrientationLandscapeLeft UIInterfaceOrientationLandscapeRight UIInterfaceOrientationPortrait";
				IPHONEOS_DEPLOYMENT_TARGET = 16.4;
				LD_RUNPATH_SEARCH_PATHS = (
					"$(inherited)",
					"@executable_path/Frameworks",
				);
				MARKETING_VERSION = 1.0;
				PRODUCT_BUNDLE_IDENTIFIER = com.seuhong.FaceReader;
				PRODUCT_NAME = "$(TARGET_NAME)";
				SWIFT_EMIT_LOC_STRINGS = YES;
				SWIFT_VERSION = 5.0;
				TARGETED_DEVICE_FAMILY = 1;
			};
			name = Release;
		};
/* End XCBuildConfiguration section */

/* Begin XCConfigurationList section */
		60788F9D2AFFA1400068493C /* Build configuration list for PBXProject "FaceReader" */ = {
			isa = XCConfigurationList;
			buildConfigurations = (
				60788FB42AFFA1400068493C /* Debug */,
				60788FB52AFFA1400068493C /* Release */,
			);
			defaultConfigurationIsVisible = 0;
			defaultConfigurationName = Release;
		};
		60788FB62AFFA1400068493C /* Build configuration list for PBXNativeTarget "FaceReader" */ = {
			isa = XCConfigurationList;
			buildConfigurations = (
				60788FB72AFFA1400068493C /* Debug */,
				60788FB82AFFA1400068493C /* Release */,
			);
			defaultConfigurationIsVisible = 0;
			defaultConfigurationName = Release;
		};
/* End XCConfigurationList section */

/* Begin XCRemoteSwiftPackageReference section */
		60788FB92AFFA5BC0068493C /* XCRemoteSwiftPackageReference "RxSwift" */ = {
			isa = XCRemoteSwiftPackageReference;
			repositoryURL = "https://github.com/ReactiveX/RxSwift";
			requirement = {
				kind = upToNextMajorVersion;
				minimumVersion = 6.0.0;
			};
		};
		60788FBE2AFFA5C80068493C /* XCRemoteSwiftPackageReference "SnapKit" */ = {
			isa = XCRemoteSwiftPackageReference;
			repositoryURL = "https://github.com/SnapKit/SnapKit";
			requirement = {
				kind = upToNextMajorVersion;
				minimumVersion = 5.0.0;
			};
		};
		60788FC12AFFA5DC0068493C /* XCRemoteSwiftPackageReference "Then" */ = {
			isa = XCRemoteSwiftPackageReference;
			repositoryURL = "https://github.com/devxoul/Then";
			requirement = {
				kind = upToNextMajorVersion;
				minimumVersion = 3.0.0;
			};
		};
/* End XCRemoteSwiftPackageReference section */

/* Begin XCSwiftPackageProductDependency section */
		60788FBA2AFFA5BC0068493C /* RxCocoa */ = {
			isa = XCSwiftPackageProductDependency;
			package = 60788FB92AFFA5BC0068493C /* XCRemoteSwiftPackageReference "RxSwift" */;
			productName = RxCocoa;
		};
		60788FBC2AFFA5BC0068493C /* RxSwift */ = {
			isa = XCSwiftPackageProductDependency;
			package = 60788FB92AFFA5BC0068493C /* XCRemoteSwiftPackageReference "RxSwift" */;
			productName = RxSwift;
		};
		60788FBF2AFFA5C80068493C /* SnapKit */ = {
			isa = XCSwiftPackageProductDependency;
			package = 60788FBE2AFFA5C80068493C /* XCRemoteSwiftPackageReference "SnapKit" */;
			productName = SnapKit;
		};
		60788FC22AFFA5DC0068493C /* Then */ = {
			isa = XCSwiftPackageProductDependency;
			package = 60788FC12AFFA5DC0068493C /* XCRemoteSwiftPackageReference "Then" */;
			productName = Then;
		};
/* End XCSwiftPackageProductDependency section */
	};
	rootObject = 60788F9A2AFFA1400068493C /* Project object */;
}
